// !$*UTF8*$!
{
	archiveVersion = 1;
	classes = {
	};
	objectVersion = 46;
	objects = {

/* Begin PBXBuildFile section */
		OBJ_100 /* Zip2Futures.swift in Sources */ = {isa = PBXBuildFile; fileRef = OBJ_38 /* Zip2Futures.swift */; };
		OBJ_101 /* Zip3Futures.swift in Sources */ = {isa = PBXBuildFile; fileRef = OBJ_39 /* Zip3Futures.swift */; };
		OBJ_103 /* AsyncNinjaObjC.framework in Frameworks */ = {isa = PBXBuildFile; fileRef = OBJ_64 /* AsyncNinjaObjC.framework */; };
		OBJ_111 /* ObjCProxy.m in Sources */ = {isa = PBXBuildFile; fileRef = OBJ_41 /* ObjCProxy.m */; };
		OBJ_118 /* BatchFutureTests.swift in Sources */ = {isa = PBXBuildFile; fileRef = OBJ_47 /* BatchFutureTests.swift */; };
		OBJ_119 /* CachableValueTests.swift in Sources */ = {isa = PBXBuildFile; fileRef = OBJ_48 /* CachableValueTests.swift */; };
		OBJ_120 /* ChannelTests.swift in Sources */ = {isa = PBXBuildFile; fileRef = OBJ_49 /* ChannelTests.swift */; };
		OBJ_121 /* ExecutionContextTests.swift in Sources */ = {isa = PBXBuildFile; fileRef = OBJ_50 /* ExecutionContextTests.swift */; };
		OBJ_122 /* ExecutorTests.swift in Sources */ = {isa = PBXBuildFile; fileRef = OBJ_51 /* ExecutorTests.swift */; };
		OBJ_123 /* FallibleTests.swift in Sources */ = {isa = PBXBuildFile; fileRef = OBJ_52 /* FallibleTests.swift */; };
		OBJ_124 /* FutureTests.swift in Sources */ = {isa = PBXBuildFile; fileRef = OBJ_53 /* FutureTests.swift */; };
		OBJ_125 /* ObserversTests.swift in Sources */ = {isa = PBXBuildFile; fileRef = OBJ_54 /* ObserversTests.swift */; };
		OBJ_126 /* PerformanceTests.swift in Sources */ = {isa = PBXBuildFile; fileRef = OBJ_55 /* PerformanceTests.swift */; };
		OBJ_127 /* ReleasePoolTests.swift in Sources */ = {isa = PBXBuildFile; fileRef = OBJ_56 /* ReleasePoolTests.swift */; };
		OBJ_128 /* TestUtilities.swift in Sources */ = {isa = PBXBuildFile; fileRef = OBJ_57 /* TestUtilities.swift */; };
		OBJ_129 /* TimerChannelTests.swift in Sources */ = {isa = PBXBuildFile; fileRef = OBJ_58 /* TimerChannelTests.swift */; };
		OBJ_130 /* XCTestManifest.swift in Sources */ = {isa = PBXBuildFile; fileRef = OBJ_59 /* XCTestManifest.swift */; };
		OBJ_131 /* ZipFuturesTest.swift in Sources */ = {isa = PBXBuildFile; fileRef = OBJ_60 /* ZipFuturesTest.swift */; };
		OBJ_133 /* AsyncNinjaObjC.framework in Frameworks */ = {isa = PBXBuildFile; fileRef = OBJ_64 /* AsyncNinjaObjC.framework */; };
		OBJ_134 /* AsyncNinja.framework in Frameworks */ = {isa = PBXBuildFile; fileRef = OBJ_63 /* AsyncNinja.framework */; };
		OBJ_71 /* appleOS.swift in Sources */ = {isa = PBXBuildFile; fileRef = OBJ_9 /* appleOS.swift */; };
		OBJ_72 /* AsyncNinjaObjC-spm.swift in Sources */ = {isa = PBXBuildFile; fileRef = OBJ_10 /* AsyncNinjaObjC-spm.swift */; };
		OBJ_73 /* BatchFuture.swift in Sources */ = {isa = PBXBuildFile; fileRef = OBJ_11 /* BatchFuture.swift */; };
		OBJ_74 /* CachableValue.swift in Sources */ = {isa = PBXBuildFile; fileRef = OBJ_12 /* CachableValue.swift */; };
		OBJ_75 /* Cache.swift in Sources */ = {isa = PBXBuildFile; fileRef = OBJ_13 /* Cache.swift */; };
		OBJ_76 /* CancellationToken.swift in Sources */ = {isa = PBXBuildFile; fileRef = OBJ_14 /* CancellationToken.swift */; };
		OBJ_77 /* Channel+Transformations.swift in Sources */ = {isa = PBXBuildFile; fileRef = OBJ_15 /* Channel+Transformations.swift */; };
		OBJ_78 /* Channel.swift in Sources */ = {isa = PBXBuildFile; fileRef = OBJ_16 /* Channel.swift */; };
		OBJ_79 /* Common.swift in Sources */ = {isa = PBXBuildFile; fileRef = OBJ_17 /* Common.swift */; };
		OBJ_80 /* ConstantChannel.swift in Sources */ = {isa = PBXBuildFile; fileRef = OBJ_18 /* ConstantChannel.swift */; };
		OBJ_81 /* ConstantFuture.swift in Sources */ = {isa = PBXBuildFile; fileRef = OBJ_19 /* ConstantFuture.swift */; };
		OBJ_82 /* ExecutionContext.swift in Sources */ = {isa = PBXBuildFile; fileRef = OBJ_20 /* ExecutionContext.swift */; };
		OBJ_83 /* Executor.swift in Sources */ = {isa = PBXBuildFile; fileRef = OBJ_21 /* Executor.swift */; };
		OBJ_84 /* Fallible.swift in Sources */ = {isa = PBXBuildFile; fileRef = OBJ_22 /* Fallible.swift */; };
		OBJ_85 /* Finite.swift in Sources */ = {isa = PBXBuildFile; fileRef = OBJ_23 /* Finite.swift */; };
		OBJ_86 /* Future+Makers.swift in Sources */ = {isa = PBXBuildFile; fileRef = OBJ_24 /* Future+Makers.swift */; };
		OBJ_87 /* Future.swift in Sources */ = {isa = PBXBuildFile; fileRef = OBJ_25 /* Future.swift */; };
		OBJ_88 /* LockFreeThreadSafeContainer.swift in Sources */ = {isa = PBXBuildFile; fileRef = OBJ_26 /* LockFreeThreadSafeContainer.swift */; };
		OBJ_89 /* Locking.swift in Sources */ = {isa = PBXBuildFile; fileRef = OBJ_27 /* Locking.swift */; };
		OBJ_90 /* MutableFinite.swift in Sources */ = {isa = PBXBuildFile; fileRef = OBJ_28 /* MutableFinite.swift */; };
		OBJ_91 /* Observers.swift in Sources */ = {isa = PBXBuildFile; fileRef = OBJ_29 /* Observers.swift */; };
		OBJ_92 /* Producer.swift in Sources */ = {isa = PBXBuildFile; fileRef = OBJ_30 /* Producer.swift */; };
		OBJ_93 /* Promise.swift in Sources */ = {isa = PBXBuildFile; fileRef = OBJ_31 /* Promise.swift */; };
		OBJ_94 /* Queue.swift in Sources */ = {isa = PBXBuildFile; fileRef = OBJ_32 /* Queue.swift */; };
		OBJ_95 /* ReleasePool.swift in Sources */ = {isa = PBXBuildFile; fileRef = OBJ_33 /* ReleasePool.swift */; };
		OBJ_96 /* ThreadSafety.swift in Sources */ = {isa = PBXBuildFile; fileRef = OBJ_34 /* ThreadSafety.swift */; };
		OBJ_97 /* TimerChannel.swift in Sources */ = {isa = PBXBuildFile; fileRef = OBJ_35 /* TimerChannel.swift */; };
		OBJ_98 /* Util.swift in Sources */ = {isa = PBXBuildFile; fileRef = OBJ_36 /* Util.swift */; };
		OBJ_99 /* Zip2Channel.swift in Sources */ = {isa = PBXBuildFile; fileRef = OBJ_37 /* Zip2Channel.swift */; };
/* End PBXBuildFile section */

/* Begin PBXContainerItemProxy section */
		F88A21F41E1699A700984440 /* PBXContainerItemProxy */ = {
			isa = PBXContainerItemProxy;
			containerPortal = OBJ_1 /* Project object */;
			proxyType = 1;
			remoteGlobalIDString = OBJ_105;
			remoteInfo = AsyncNinjaObjC;
		};
		F88A21F51E1699A700984440 /* PBXContainerItemProxy */ = {
			isa = PBXContainerItemProxy;
			containerPortal = OBJ_1 /* Project object */;
			proxyType = 1;
			remoteGlobalIDString = OBJ_105;
			remoteInfo = AsyncNinjaObjC;
		};
		F88A21F61E1699A700984440 /* PBXContainerItemProxy */ = {
			isa = PBXContainerItemProxy;
			containerPortal = OBJ_1 /* Project object */;
			proxyType = 1;
			remoteGlobalIDString = OBJ_66;
			remoteInfo = AsyncNinja;
		};
/* End PBXContainerItemProxy section */

/* Begin PBXFileReference section */
		OBJ_10 /* AsyncNinjaObjC-spm.swift */ = {isa = PBXFileReference; lastKnownFileType = sourcecode.swift; path = "AsyncNinjaObjC-spm.swift"; sourceTree = "<group>"; };
		OBJ_11 /* BatchFuture.swift */ = {isa = PBXFileReference; lastKnownFileType = sourcecode.swift; path = BatchFuture.swift; sourceTree = "<group>"; };
		OBJ_12 /* CachableValue.swift */ = {isa = PBXFileReference; lastKnownFileType = sourcecode.swift; path = CachableValue.swift; sourceTree = "<group>"; };
		OBJ_13 /* Cache.swift */ = {isa = PBXFileReference; lastKnownFileType = sourcecode.swift; path = Cache.swift; sourceTree = "<group>"; };
		OBJ_14 /* CancellationToken.swift */ = {isa = PBXFileReference; lastKnownFileType = sourcecode.swift; path = CancellationToken.swift; sourceTree = "<group>"; };
		OBJ_15 /* Channel+Transformations.swift */ = {isa = PBXFileReference; lastKnownFileType = sourcecode.swift; path = "Channel+Transformations.swift"; sourceTree = "<group>"; };
		OBJ_16 /* Channel.swift */ = {isa = PBXFileReference; lastKnownFileType = sourcecode.swift; path = Channel.swift; sourceTree = "<group>"; };
		OBJ_17 /* Common.swift */ = {isa = PBXFileReference; lastKnownFileType = sourcecode.swift; path = Common.swift; sourceTree = "<group>"; };
		OBJ_18 /* ConstantChannel.swift */ = {isa = PBXFileReference; lastKnownFileType = sourcecode.swift; path = ConstantChannel.swift; sourceTree = "<group>"; };
		OBJ_19 /* ConstantFuture.swift */ = {isa = PBXFileReference; lastKnownFileType = sourcecode.swift; path = ConstantFuture.swift; sourceTree = "<group>"; };
		OBJ_20 /* ExecutionContext.swift */ = {isa = PBXFileReference; lastKnownFileType = sourcecode.swift; path = ExecutionContext.swift; sourceTree = "<group>"; };
		OBJ_21 /* Executor.swift */ = {isa = PBXFileReference; lastKnownFileType = sourcecode.swift; path = Executor.swift; sourceTree = "<group>"; };
		OBJ_22 /* Fallible.swift */ = {isa = PBXFileReference; lastKnownFileType = sourcecode.swift; path = Fallible.swift; sourceTree = "<group>"; };
		OBJ_23 /* Finite.swift */ = {isa = PBXFileReference; lastKnownFileType = sourcecode.swift; path = Finite.swift; sourceTree = "<group>"; };
		OBJ_24 /* Future+Makers.swift */ = {isa = PBXFileReference; lastKnownFileType = sourcecode.swift; path = "Future+Makers.swift"; sourceTree = "<group>"; };
		OBJ_25 /* Future.swift */ = {isa = PBXFileReference; lastKnownFileType = sourcecode.swift; path = Future.swift; sourceTree = "<group>"; };
		OBJ_26 /* LockFreeThreadSafeContainer.swift */ = {isa = PBXFileReference; lastKnownFileType = sourcecode.swift; path = LockFreeThreadSafeContainer.swift; sourceTree = "<group>"; };
		OBJ_27 /* Locking.swift */ = {isa = PBXFileReference; lastKnownFileType = sourcecode.swift; path = Locking.swift; sourceTree = "<group>"; };
		OBJ_28 /* MutableFinite.swift */ = {isa = PBXFileReference; lastKnownFileType = sourcecode.swift; path = MutableFinite.swift; sourceTree = "<group>"; };
		OBJ_29 /* Observers.swift */ = {isa = PBXFileReference; lastKnownFileType = sourcecode.swift; path = Observers.swift; sourceTree = "<group>"; };
		OBJ_30 /* Producer.swift */ = {isa = PBXFileReference; lastKnownFileType = sourcecode.swift; path = Producer.swift; sourceTree = "<group>"; };
		OBJ_31 /* Promise.swift */ = {isa = PBXFileReference; lastKnownFileType = sourcecode.swift; path = Promise.swift; sourceTree = "<group>"; };
		OBJ_32 /* Queue.swift */ = {isa = PBXFileReference; lastKnownFileType = sourcecode.swift; path = Queue.swift; sourceTree = "<group>"; };
		OBJ_33 /* ReleasePool.swift */ = {isa = PBXFileReference; lastKnownFileType = sourcecode.swift; path = ReleasePool.swift; sourceTree = "<group>"; };
		OBJ_34 /* ThreadSafety.swift */ = {isa = PBXFileReference; lastKnownFileType = sourcecode.swift; path = ThreadSafety.swift; sourceTree = "<group>"; };
		OBJ_35 /* TimerChannel.swift */ = {isa = PBXFileReference; lastKnownFileType = sourcecode.swift; path = TimerChannel.swift; sourceTree = "<group>"; };
		OBJ_36 /* Util.swift */ = {isa = PBXFileReference; lastKnownFileType = sourcecode.swift; path = Util.swift; sourceTree = "<group>"; };
		OBJ_37 /* Zip2Channel.swift */ = {isa = PBXFileReference; lastKnownFileType = sourcecode.swift; path = Zip2Channel.swift; sourceTree = "<group>"; };
		OBJ_38 /* Zip2Futures.swift */ = {isa = PBXFileReference; lastKnownFileType = sourcecode.swift; path = Zip2Futures.swift; sourceTree = "<group>"; };
		OBJ_39 /* Zip3Futures.swift */ = {isa = PBXFileReference; lastKnownFileType = sourcecode.swift; path = Zip3Futures.swift; sourceTree = "<group>"; };
		OBJ_41 /* ObjCProxy.m */ = {isa = PBXFileReference; lastKnownFileType = sourcecode.c.objc; path = ObjCProxy.m; sourceTree = "<group>"; };
		OBJ_43 /* ObjCProxy.h */ = {isa = PBXFileReference; lastKnownFileType = sourcecode.c.h; path = ObjCProxy.h; sourceTree = "<group>"; };
		OBJ_44 /* module.modulemap */ = {isa = PBXFileReference; lastKnownFileType = "sourcecode.module-map"; name = module.modulemap; path = "/Volumes/OS X 10.11/Shared/gemini2/Tools/AsyncNinja/AsyncNinja.xcodeproj/GeneratedModuleMap/AsyncNinjaObjC/module.modulemap"; sourceTree = "<group>"; };
		OBJ_47 /* BatchFutureTests.swift */ = {isa = PBXFileReference; lastKnownFileType = sourcecode.swift; path = BatchFutureTests.swift; sourceTree = "<group>"; };
		OBJ_48 /* CachableValueTests.swift */ = {isa = PBXFileReference; lastKnownFileType = sourcecode.swift; path = CachableValueTests.swift; sourceTree = "<group>"; };
		OBJ_49 /* ChannelTests.swift */ = {isa = PBXFileReference; lastKnownFileType = sourcecode.swift; path = ChannelTests.swift; sourceTree = "<group>"; };
		OBJ_50 /* ExecutionContextTests.swift */ = {isa = PBXFileReference; lastKnownFileType = sourcecode.swift; path = ExecutionContextTests.swift; sourceTree = "<group>"; };
		OBJ_51 /* ExecutorTests.swift */ = {isa = PBXFileReference; lastKnownFileType = sourcecode.swift; path = ExecutorTests.swift; sourceTree = "<group>"; };
		OBJ_52 /* FallibleTests.swift */ = {isa = PBXFileReference; lastKnownFileType = sourcecode.swift; path = FallibleTests.swift; sourceTree = "<group>"; };
		OBJ_53 /* FutureTests.swift */ = {isa = PBXFileReference; lastKnownFileType = sourcecode.swift; path = FutureTests.swift; sourceTree = "<group>"; };
		OBJ_54 /* ObserversTests.swift */ = {isa = PBXFileReference; lastKnownFileType = sourcecode.swift; path = ObserversTests.swift; sourceTree = "<group>"; };
		OBJ_55 /* PerformanceTests.swift */ = {isa = PBXFileReference; lastKnownFileType = sourcecode.swift; path = PerformanceTests.swift; sourceTree = "<group>"; };
		OBJ_56 /* ReleasePoolTests.swift */ = {isa = PBXFileReference; lastKnownFileType = sourcecode.swift; path = ReleasePoolTests.swift; sourceTree = "<group>"; };
		OBJ_57 /* TestUtilities.swift */ = {isa = PBXFileReference; lastKnownFileType = sourcecode.swift; path = TestUtilities.swift; sourceTree = "<group>"; };
		OBJ_58 /* TimerChannelTests.swift */ = {isa = PBXFileReference; lastKnownFileType = sourcecode.swift; path = TimerChannelTests.swift; sourceTree = "<group>"; };
		OBJ_59 /* XCTestManifest.swift */ = {isa = PBXFileReference; lastKnownFileType = sourcecode.swift; path = XCTestManifest.swift; sourceTree = "<group>"; };
		OBJ_6 /* Package.swift */ = {isa = PBXFileReference; explicitFileType = sourcecode.swift; path = Package.swift; sourceTree = "<group>"; };
		OBJ_60 /* ZipFuturesTest.swift */ = {isa = PBXFileReference; lastKnownFileType = sourcecode.swift; path = ZipFuturesTest.swift; sourceTree = "<group>"; };
		OBJ_61 /* Documentation */ = {isa = PBXFileReference; lastKnownFileType = folder; path = Documentation; sourceTree = SOURCE_ROOT; };
		OBJ_63 /* AsyncNinja.framework */ = {isa = PBXFileReference; explicitFileType = wrapper.framework; path = AsyncNinja.framework; sourceTree = BUILT_PRODUCTS_DIR; };
		OBJ_64 /* AsyncNinjaObjC.framework */ = {isa = PBXFileReference; explicitFileType = wrapper.framework; path = AsyncNinjaObjC.framework; sourceTree = BUILT_PRODUCTS_DIR; };
		OBJ_65 /* AsyncNinjaTests.xctest */ = {isa = PBXFileReference; lastKnownFileType = file; path = AsyncNinjaTests.xctest; sourceTree = BUILT_PRODUCTS_DIR; };
		OBJ_9 /* appleOS.swift */ = {isa = PBXFileReference; lastKnownFileType = sourcecode.swift; path = appleOS.swift; sourceTree = "<group>"; };
/* End PBXFileReference section */

/* Begin PBXFrameworksBuildPhase section */
		OBJ_102 /* Frameworks */ = {
			isa = PBXFrameworksBuildPhase;
			buildActionMask = 0;
			files = (
				OBJ_103 /* AsyncNinjaObjC.framework in Frameworks */,
			);
			runOnlyForDeploymentPostprocessing = 0;
		};
		OBJ_112 /* Frameworks */ = {
			isa = PBXFrameworksBuildPhase;
			buildActionMask = 0;
			files = (
			);
			runOnlyForDeploymentPostprocessing = 0;
		};
		OBJ_132 /* Frameworks */ = {
			isa = PBXFrameworksBuildPhase;
			buildActionMask = 0;
			files = (
				OBJ_133 /* AsyncNinjaObjC.framework in Frameworks */,
				OBJ_134 /* AsyncNinja.framework in Frameworks */,
			);
			runOnlyForDeploymentPostprocessing = 0;
		};
/* End PBXFrameworksBuildPhase section */

/* Begin PBXGroup section */
		OBJ_40 /* AsyncNinjaObjC */ = {
			isa = PBXGroup;
			children = (
				OBJ_41 /* ObjCProxy.m */,
				OBJ_42 /* include */,
			);
			name = AsyncNinjaObjC;
			path = Sources/AsyncNinjaObjC;
			sourceTree = SOURCE_ROOT;
		};
		OBJ_42 /* include */ = {
			isa = PBXGroup;
			children = (
				OBJ_43 /* ObjCProxy.h */,
				OBJ_44 /* module.modulemap */,
			);
			path = include;
			sourceTree = "<group>";
		};
		OBJ_45 /* Tests */ = {
			isa = PBXGroup;
			children = (
				OBJ_46 /* AsyncNinjaTests */,
			);
			path = Tests;
			sourceTree = "<group>";
		};
		OBJ_46 /* AsyncNinjaTests */ = {
			isa = PBXGroup;
			children = (
				OBJ_47 /* BatchFutureTests.swift */,
				OBJ_48 /* CachableValueTests.swift */,
				OBJ_49 /* ChannelTests.swift */,
				OBJ_50 /* ExecutionContextTests.swift */,
				OBJ_51 /* ExecutorTests.swift */,
				OBJ_52 /* FallibleTests.swift */,
				OBJ_53 /* FutureTests.swift */,
				OBJ_54 /* ObserversTests.swift */,
				OBJ_55 /* PerformanceTests.swift */,
				OBJ_56 /* ReleasePoolTests.swift */,
				OBJ_57 /* TestUtilities.swift */,
				OBJ_58 /* TimerChannelTests.swift */,
				OBJ_59 /* XCTestManifest.swift */,
				OBJ_60 /* ZipFuturesTest.swift */,
			);
			name = AsyncNinjaTests;
			path = Tests/AsyncNinjaTests;
			sourceTree = SOURCE_ROOT;
		};
		OBJ_5 = {
			isa = PBXGroup;
			children = (
				OBJ_6 /* Package.swift */,
				OBJ_7 /* Sources */,
				OBJ_45 /* Tests */,
				OBJ_61 /* Documentation */,
				OBJ_62 /* Products */,
			);
			sourceTree = "<group>";
		};
		OBJ_62 /* Products */ = {
			isa = PBXGroup;
			children = (
				OBJ_63 /* AsyncNinja.framework */,
				OBJ_64 /* AsyncNinjaObjC.framework */,
				OBJ_65 /* AsyncNinjaTests.xctest */,
			);
			name = Products;
			sourceTree = BUILT_PRODUCTS_DIR;
		};
		OBJ_7 /* Sources */ = {
			isa = PBXGroup;
			children = (
				OBJ_8 /* AsyncNinja */,
				OBJ_40 /* AsyncNinjaObjC */,
			);
			path = Sources;
			sourceTree = "<group>";
		};
		OBJ_8 /* AsyncNinja */ = {
			isa = PBXGroup;
			children = (
				OBJ_9 /* appleOS.swift */,
				OBJ_10 /* AsyncNinjaObjC-spm.swift */,
				OBJ_11 /* BatchFuture.swift */,
				OBJ_12 /* CachableValue.swift */,
				OBJ_13 /* Cache.swift */,
				OBJ_14 /* CancellationToken.swift */,
				OBJ_15 /* Channel+Transformations.swift */,
				OBJ_16 /* Channel.swift */,
				OBJ_17 /* Common.swift */,
				OBJ_18 /* ConstantChannel.swift */,
				OBJ_19 /* ConstantFuture.swift */,
				OBJ_20 /* ExecutionContext.swift */,
				OBJ_21 /* Executor.swift */,
				OBJ_22 /* Fallible.swift */,
				OBJ_23 /* Finite.swift */,
				OBJ_24 /* Future+Makers.swift */,
				OBJ_25 /* Future.swift */,
				OBJ_26 /* LockFreeThreadSafeContainer.swift */,
				OBJ_27 /* Locking.swift */,
				OBJ_28 /* MutableFinite.swift */,
				OBJ_29 /* Observers.swift */,
				OBJ_30 /* Producer.swift */,
				OBJ_31 /* Promise.swift */,
				OBJ_32 /* Queue.swift */,
				OBJ_33 /* ReleasePool.swift */,
				OBJ_34 /* ThreadSafety.swift */,
				OBJ_35 /* TimerChannel.swift */,
				OBJ_36 /* Util.swift */,
				OBJ_37 /* Zip2Channel.swift */,
				OBJ_38 /* Zip2Futures.swift */,
				OBJ_39 /* Zip3Futures.swift */,
			);
			name = AsyncNinja;
			path = Sources/AsyncNinja;
			sourceTree = SOURCE_ROOT;
		};
/* End PBXGroup section */

/* Begin PBXNativeTarget section */
		OBJ_105 /* AsyncNinjaObjC */ = {
			isa = PBXNativeTarget;
			buildConfigurationList = OBJ_106 /* Build configuration list for PBXNativeTarget "AsyncNinjaObjC" */;
			buildPhases = (
				OBJ_109 /* ShellScript */,
				OBJ_110 /* Sources */,
				OBJ_112 /* Frameworks */,
			);
			buildRules = (
			);
			dependencies = (
			);
			name = AsyncNinjaObjC;
			productName = AsyncNinjaObjC;
			productReference = OBJ_64 /* AsyncNinjaObjC.framework */;
			productType = "com.apple.product-type.framework";
		};
		OBJ_113 /* AsyncNinjaTests */ = {
			isa = PBXNativeTarget;
			buildConfigurationList = OBJ_114 /* Build configuration list for PBXNativeTarget "AsyncNinjaTests" */;
			buildPhases = (
				OBJ_117 /* Sources */,
				OBJ_132 /* Frameworks */,
			);
			buildRules = (
			);
			dependencies = (
				OBJ_135 /* PBXTargetDependency */,
				OBJ_136 /* PBXTargetDependency */,
			);
			name = AsyncNinjaTests;
			productName = AsyncNinjaTests;
			productReference = OBJ_65 /* AsyncNinjaTests.xctest */;
			productType = "com.apple.product-type.bundle.unit-test";
		};
		OBJ_66 /* AsyncNinja */ = {
			isa = PBXNativeTarget;
			buildConfigurationList = OBJ_67 /* Build configuration list for PBXNativeTarget "AsyncNinja" */;
			buildPhases = (
				OBJ_70 /* Sources */,
				OBJ_102 /* Frameworks */,
			);
			buildRules = (
			);
			dependencies = (
				OBJ_104 /* PBXTargetDependency */,
			);
			name = AsyncNinja;
			productName = AsyncNinja;
			productReference = OBJ_63 /* AsyncNinja.framework */;
			productType = "com.apple.product-type.framework";
		};
/* End PBXNativeTarget section */

/* Begin PBXProject section */
		OBJ_1 /* Project object */ = {
			isa = PBXProject;
			attributes = {
				LastUpgradeCheck = 9999;
			};
			buildConfigurationList = OBJ_2 /* Build configuration list for PBXProject "AsyncNinja" */;
			compatibilityVersion = "Xcode 3.2";
			developmentRegion = English;
			hasScannedForEncodings = 0;
			knownRegions = (
				en,
			);
			mainGroup = OBJ_5;
			productRefGroup = OBJ_62 /* Products */;
			projectDirPath = "";
			projectRoot = "";
			targets = (
				OBJ_66 /* AsyncNinja */,
				OBJ_105 /* AsyncNinjaObjC */,
				OBJ_113 /* AsyncNinjaTests */,
			);
		};
/* End PBXProject section */

/* Begin PBXShellScriptBuildPhase section */
		OBJ_109 /* ShellScript */ = {
			isa = PBXShellScriptBuildPhase;
			buildActionMask = 0;
			files = (
			);
			runOnlyForDeploymentPostprocessing = 0;
			shellPath = /bin/sh;
			shellScript = "mkdir -p \"${PROJECT_TEMP_DIR}/SymlinkLibs\"\nln -sf \"${BUILT_PRODUCTS_DIR}/${EXECUTABLE_PATH}\" \"${PROJECT_TEMP_DIR}/SymlinkLibs/lib${EXECUTABLE_NAME}.dylib\"\n";
		};
/* End PBXShellScriptBuildPhase section */

/* Begin PBXSourcesBuildPhase section */
		OBJ_110 /* Sources */ = {
			isa = PBXSourcesBuildPhase;
			buildActionMask = 0;
			files = (
				OBJ_111 /* ObjCProxy.m in Sources */,
			);
			runOnlyForDeploymentPostprocessing = 0;
		};
		OBJ_117 /* Sources */ = {
			isa = PBXSourcesBuildPhase;
			buildActionMask = 0;
			files = (
				OBJ_118 /* BatchFutureTests.swift in Sources */,
				OBJ_119 /* CachableValueTests.swift in Sources */,
				OBJ_120 /* ChannelTests.swift in Sources */,
				OBJ_121 /* ExecutionContextTests.swift in Sources */,
				OBJ_122 /* ExecutorTests.swift in Sources */,
				OBJ_123 /* FallibleTests.swift in Sources */,
				OBJ_124 /* FutureTests.swift in Sources */,
				OBJ_125 /* ObserversTests.swift in Sources */,
				OBJ_126 /* PerformanceTests.swift in Sources */,
				OBJ_127 /* ReleasePoolTests.swift in Sources */,
				OBJ_128 /* TestUtilities.swift in Sources */,
				OBJ_129 /* TimerChannelTests.swift in Sources */,
				OBJ_130 /* XCTestManifest.swift in Sources */,
				OBJ_131 /* ZipFuturesTest.swift in Sources */,
			);
			runOnlyForDeploymentPostprocessing = 0;
		};
		OBJ_70 /* Sources */ = {
			isa = PBXSourcesBuildPhase;
			buildActionMask = 0;
			files = (
				OBJ_71 /* appleOS.swift in Sources */,
				OBJ_72 /* AsyncNinjaObjC-spm.swift in Sources */,
				OBJ_73 /* BatchFuture.swift in Sources */,
				OBJ_74 /* CachableValue.swift in Sources */,
				OBJ_75 /* Cache.swift in Sources */,
				OBJ_76 /* CancellationToken.swift in Sources */,
				OBJ_77 /* Channel+Transformations.swift in Sources */,
				OBJ_78 /* Channel.swift in Sources */,
				OBJ_79 /* Common.swift in Sources */,
				OBJ_80 /* ConstantChannel.swift in Sources */,
				OBJ_81 /* ConstantFuture.swift in Sources */,
				OBJ_82 /* ExecutionContext.swift in Sources */,
				OBJ_83 /* Executor.swift in Sources */,
				OBJ_84 /* Fallible.swift in Sources */,
				OBJ_85 /* Finite.swift in Sources */,
				OBJ_86 /* Future+Makers.swift in Sources */,
				OBJ_87 /* Future.swift in Sources */,
				OBJ_88 /* LockFreeThreadSafeContainer.swift in Sources */,
				OBJ_89 /* Locking.swift in Sources */,
				OBJ_90 /* MutableFinite.swift in Sources */,
				OBJ_91 /* Observers.swift in Sources */,
				OBJ_92 /* Producer.swift in Sources */,
				OBJ_93 /* Promise.swift in Sources */,
				OBJ_94 /* Queue.swift in Sources */,
				OBJ_95 /* ReleasePool.swift in Sources */,
				OBJ_96 /* ThreadSafety.swift in Sources */,
				OBJ_97 /* TimerChannel.swift in Sources */,
				OBJ_98 /* Util.swift in Sources */,
				OBJ_99 /* Zip2Channel.swift in Sources */,
				OBJ_100 /* Zip2Futures.swift in Sources */,
				OBJ_101 /* Zip3Futures.swift in Sources */,
			);
			runOnlyForDeploymentPostprocessing = 0;
		};
/* End PBXSourcesBuildPhase section */

/* Begin PBXTargetDependency section */
		OBJ_104 /* PBXTargetDependency */ = {
			isa = PBXTargetDependency;
			target = OBJ_105 /* AsyncNinjaObjC */;
			targetProxy = F88A21F41E1699A700984440 /* PBXContainerItemProxy */;
		};
		OBJ_135 /* PBXTargetDependency */ = {
			isa = PBXTargetDependency;
			target = OBJ_105 /* AsyncNinjaObjC */;
			targetProxy = F88A21F51E1699A700984440 /* PBXContainerItemProxy */;
		};
		OBJ_136 /* PBXTargetDependency */ = {
			isa = PBXTargetDependency;
			target = OBJ_66 /* AsyncNinja */;
			targetProxy = F88A21F61E1699A700984440 /* PBXContainerItemProxy */;
		};
/* End PBXTargetDependency section */

/* Begin XCBuildConfiguration section */
		OBJ_107 /* Debug */ = {
			isa = XCBuildConfiguration;
			buildSettings = {
				DEFINES_MODULE = YES;
				ENABLE_TESTABILITY = YES;
				FRAMEWORK_SEARCH_PATHS = (
					"$(inherited)",
					"$(PLATFORM_DIR)/Developer/Library/Frameworks",
				);
				HEADER_SEARCH_PATHS = (
					"$(inherited)",
					Sources/AsyncNinjaObjC/include,
				);
				INFOPLIST_FILE = AsyncNinja.xcodeproj/AsyncNinjaObjC_Info.plist;
				LD_RUNPATH_SEARCH_PATHS = "$(TOOLCHAIN_DIR)/usr/lib/swift/macosx";
				OTHER_LDFLAGS = "$(inherited)";
				OTHER_SWIFT_FLAGS = "$(inherited)";
				PRODUCT_BUNDLE_IDENTIFIER = AsyncNinjaObjC;
				PRODUCT_MODULE_NAME = "$(TARGET_NAME:c99extidentifier)";
				PRODUCT_NAME = "$(TARGET_NAME:c99extidentifier)";
				TARGET_NAME = AsyncNinjaObjC;
			};
			name = Debug;
		};
		OBJ_108 /* Release */ = {
			isa = XCBuildConfiguration;
			buildSettings = {
				DEFINES_MODULE = YES;
				ENABLE_TESTABILITY = YES;
				FRAMEWORK_SEARCH_PATHS = (
					"$(inherited)",
					"$(PLATFORM_DIR)/Developer/Library/Frameworks",
				);
				HEADER_SEARCH_PATHS = (
					"$(inherited)",
					Sources/AsyncNinjaObjC/include,
				);
				INFOPLIST_FILE = AsyncNinja.xcodeproj/AsyncNinjaObjC_Info.plist;
				LD_RUNPATH_SEARCH_PATHS = "$(TOOLCHAIN_DIR)/usr/lib/swift/macosx";
				OTHER_LDFLAGS = "$(inherited)";
				OTHER_SWIFT_FLAGS = "$(inherited)";
				PRODUCT_BUNDLE_IDENTIFIER = AsyncNinjaObjC;
				PRODUCT_MODULE_NAME = "$(TARGET_NAME:c99extidentifier)";
				PRODUCT_NAME = "$(TARGET_NAME:c99extidentifier)";
				TARGET_NAME = AsyncNinjaObjC;
			};
			name = Release;
		};
		OBJ_115 /* Debug */ = {
			isa = XCBuildConfiguration;
			buildSettings = {
				EMBEDDED_CONTENT_CONTAINS_SWIFT = YES;
				FRAMEWORK_SEARCH_PATHS = (
					"$(inherited)",
					"$(PLATFORM_DIR)/Developer/Library/Frameworks",
				);
				HEADER_SEARCH_PATHS = (
					"$(inherited)",
					Sources/AsyncNinjaObjC/include,
				);
				INFOPLIST_FILE = AsyncNinja.xcodeproj/AsyncNinjaTests_Info.plist;
				LD_RUNPATH_SEARCH_PATHS = "@loader_path/../Frameworks";
				LIBRARY_SEARCH_PATHS = "$(PROJECT_TEMP_DIR)/SymlinkLibs/";
				OTHER_LDFLAGS = "$(inherited)";
				OTHER_SWIFT_FLAGS = "$(inherited)";
				TARGET_NAME = AsyncNinjaTests;
			};
			name = Debug;
		};
		OBJ_116 /* Release */ = {
			isa = XCBuildConfiguration;
			buildSettings = {
				EMBEDDED_CONTENT_CONTAINS_SWIFT = YES;
				FRAMEWORK_SEARCH_PATHS = (
					"$(inherited)",
					"$(PLATFORM_DIR)/Developer/Library/Frameworks",
				);
				HEADER_SEARCH_PATHS = (
					"$(inherited)",
					Sources/AsyncNinjaObjC/include,
				);
				INFOPLIST_FILE = AsyncNinja.xcodeproj/AsyncNinjaTests_Info.plist;
				LD_RUNPATH_SEARCH_PATHS = "@loader_path/../Frameworks";
				LIBRARY_SEARCH_PATHS = "$(PROJECT_TEMP_DIR)/SymlinkLibs/";
				OTHER_LDFLAGS = "$(inherited)";
				OTHER_SWIFT_FLAGS = "$(inherited)";
				TARGET_NAME = AsyncNinjaTests;
			};
			name = Release;
		};
		OBJ_3 /* Debug */ = {
			isa = XCBuildConfiguration;
			buildSettings = {
				COMBINE_HIDPI_IMAGES = YES;
				COPY_PHASE_STRIP = NO;
				DEBUG_INFORMATION_FORMAT = dwarf;
				DYLIB_INSTALL_NAME_BASE = "@rpath";
				ENABLE_NS_ASSERTIONS = YES;
				GCC_OPTIMIZATION_LEVEL = 0;
				MACOSX_DEPLOYMENT_TARGET = 10.10;
				ONLY_ACTIVE_ARCH = YES;
				OTHER_SWIFT_FLAGS = "-DXcode";
				PRODUCT_NAME = "$(TARGET_NAME)";
				SDKROOT = macosx;
				SUPPORTED_PLATFORMS = "macosx iphoneos iphonesimulator appletvos appletvsimulator watchos watchsimulator";
				SWIFT_ACTIVE_COMPILATION_CONDITIONS = SWIFT_PACKAGE;
				SWIFT_OPTIMIZATION_LEVEL = "-Onone";
				SWIFT_VERSION = 3.0;
				USE_HEADERMAP = NO;
			};
			name = Debug;
		};
		OBJ_4 /* Release */ = {
			isa = XCBuildConfiguration;
			buildSettings = {
				COMBINE_HIDPI_IMAGES = YES;
				COPY_PHASE_STRIP = YES;
				DEBUG_INFORMATION_FORMAT = "dwarf-with-dsym";
				DYLIB_INSTALL_NAME_BASE = "@rpath";
				GCC_OPTIMIZATION_LEVEL = s;
				MACOSX_DEPLOYMENT_TARGET = 10.10;
				OTHER_SWIFT_FLAGS = "-DXcode";
				PRODUCT_NAME = "$(TARGET_NAME)";
				SDKROOT = macosx;
				SUPPORTED_PLATFORMS = "macosx iphoneos iphonesimulator appletvos appletvsimulator watchos watchsimulator";
				SWIFT_ACTIVE_COMPILATION_CONDITIONS = SWIFT_PACKAGE;
				SWIFT_OPTIMIZATION_LEVEL = "-O";
				SWIFT_VERSION = 3.0;
				USE_HEADERMAP = NO;
			};
			name = Release;
		};
		OBJ_68 /* Debug */ = {
			isa = XCBuildConfiguration;
			buildSettings = {
				ENABLE_TESTABILITY = YES;
				FRAMEWORK_SEARCH_PATHS = (
					"$(inherited)",
					"$(PLATFORM_DIR)/Developer/Library/Frameworks",
				);
				HEADER_SEARCH_PATHS = (
					"$(inherited)",
					Sources/AsyncNinjaObjC/include,
				);
				INFOPLIST_FILE = AsyncNinja.xcodeproj/AsyncNinja_Info.plist;
				LD_RUNPATH_SEARCH_PATHS = "$(TOOLCHAIN_DIR)/usr/lib/swift/macosx";
				LIBRARY_SEARCH_PATHS = "$(PROJECT_TEMP_DIR)/SymlinkLibs/";
				OTHER_LDFLAGS = "$(inherited)";
				OTHER_SWIFT_FLAGS = "$(inherited)";
				PRODUCT_BUNDLE_IDENTIFIER = AsyncNinja;
				PRODUCT_MODULE_NAME = "$(TARGET_NAME:c99extidentifier)";
				PRODUCT_NAME = "$(TARGET_NAME:c99extidentifier)";
				TARGET_NAME = AsyncNinja;
			};
			name = Debug;
		};
		OBJ_69 /* Release */ = {
			isa = XCBuildConfiguration;
			buildSettings = {
				ENABLE_TESTABILITY = YES;
				FRAMEWORK_SEARCH_PATHS = (
					"$(inherited)",
					"$(PLATFORM_DIR)/Developer/Library/Frameworks",
				);
				HEADER_SEARCH_PATHS = (
					"$(inherited)",
					Sources/AsyncNinjaObjC/include,
				);
				INFOPLIST_FILE = AsyncNinja.xcodeproj/AsyncNinja_Info.plist;
				LD_RUNPATH_SEARCH_PATHS = "$(TOOLCHAIN_DIR)/usr/lib/swift/macosx";
				LIBRARY_SEARCH_PATHS = "$(PROJECT_TEMP_DIR)/SymlinkLibs/";
				OTHER_LDFLAGS = "$(inherited)";
				OTHER_SWIFT_FLAGS = "$(inherited)";
				PRODUCT_BUNDLE_IDENTIFIER = AsyncNinja;
				PRODUCT_MODULE_NAME = "$(TARGET_NAME:c99extidentifier)";
				PRODUCT_NAME = "$(TARGET_NAME:c99extidentifier)";
				TARGET_NAME = AsyncNinja;
			};
			name = Release;
		};
/* End XCBuildConfiguration section */

/* Begin XCConfigurationList section */
		OBJ_106 /* Build configuration list for PBXNativeTarget "AsyncNinjaObjC" */ = {
			isa = XCConfigurationList;
			buildConfigurations = (
				OBJ_107 /* Debug */,
				OBJ_108 /* Release */,
			);
			defaultConfigurationIsVisible = 0;
			defaultConfigurationName = Debug;
		};
		OBJ_114 /* Build configuration list for PBXNativeTarget "AsyncNinjaTests" */ = {
			isa = XCConfigurationList;
			buildConfigurations = (
				OBJ_115 /* Debug */,
				OBJ_116 /* Release */,
			);
			defaultConfigurationIsVisible = 0;
			defaultConfigurationName = Debug;
		};
		OBJ_2 /* Build configuration list for PBXProject "AsyncNinja" */ = {
			isa = XCConfigurationList;
			buildConfigurations = (
				OBJ_3 /* Debug */,
				OBJ_4 /* Release */,
			);
			defaultConfigurationIsVisible = 0;
			defaultConfigurationName = Debug;
		};
		OBJ_67 /* Build configuration list for PBXNativeTarget "AsyncNinja" */ = {
			isa = XCConfigurationList;
			buildConfigurations = (
				OBJ_68 /* Debug */,
				OBJ_69 /* Release */,
			);
			defaultConfigurationIsVisible = 0;
			defaultConfigurationName = Debug;
		};
/* End XCConfigurationList section */
	};
	rootObject = OBJ_1 /* Project object */;
}
