// !$*UTF8*$!
{
	archiveVersion = 1;
	classes = {
	};
	objectVersion = 46;
	objects = {

/* Begin PBXBuildFile section */
		F819DC181E8A9F2A0072E0B1 /* Either.swift in Sources */ = {isa = PBXBuildFile; fileRef = F819DC171E8A9F2A0072E0B1 /* Either.swift */; };
		OBJ_100 /* appleOS_ReactiveProperties.swift in Sources */ = {isa = PBXBuildFile; fileRef = OBJ_13 /* appleOS_ReactiveProperties.swift */; };
		OBJ_101 /* appleOS_Retainer.swift in Sources */ = {isa = PBXBuildFile; fileRef = OBJ_14 /* appleOS_Retainer.swift */; };
		OBJ_102 /* appleOS_URLSession.swift in Sources */ = {isa = PBXBuildFile; fileRef = OBJ_15 /* appleOS_URLSession.swift */; };
		OBJ_103 /* BaseProducer.swift in Sources */ = {isa = PBXBuildFile; fileRef = OBJ_16 /* BaseProducer.swift */; };
		OBJ_104 /* CachableValue.swift in Sources */ = {isa = PBXBuildFile; fileRef = OBJ_17 /* CachableValue.swift */; };
		OBJ_105 /* Cache.swift in Sources */ = {isa = PBXBuildFile; fileRef = OBJ_18 /* Cache.swift */; };
		OBJ_106 /* CancellationToken.swift in Sources */ = {isa = PBXBuildFile; fileRef = OBJ_19 /* CancellationToken.swift */; };
		OBJ_107 /* Channel.swift in Sources */ = {isa = PBXBuildFile; fileRef = OBJ_20 /* Channel.swift */; };
		OBJ_108 /* Channel_makers.swift in Sources */ = {isa = PBXBuildFile; fileRef = OBJ_21 /* Channel_makers.swift */; };
		OBJ_109 /* Completable_Implementation.swift in Sources */ = {isa = PBXBuildFile; fileRef = OBJ_22 /* Completable_Implementation.swift */; };
		OBJ_110 /* Completing_Implementation.swift in Sources */ = {isa = PBXBuildFile; fileRef = OBJ_23 /* Completing_Implementation.swift */; };
		OBJ_111 /* Completing_Transform.swift in Sources */ = {isa = PBXBuildFile; fileRef = OBJ_24 /* Completing_Transform.swift */; };
		OBJ_112 /* ConstantFuture.swift in Sources */ = {isa = PBXBuildFile; fileRef = OBJ_25 /* ConstantFuture.swift */; };
		OBJ_113 /* Dispatch_Extensions.swift in Sources */ = {isa = PBXBuildFile; fileRef = OBJ_26 /* Dispatch_Extensions.swift */; };
		OBJ_114 /* DynamicProperty.swift in Sources */ = {isa = PBXBuildFile; fileRef = OBJ_27 /* DynamicProperty.swift */; };
		OBJ_115 /* EventsSource_Combine.swift in Sources */ = {isa = PBXBuildFile; fileRef = OBJ_28 /* EventsSource_Combine.swift */; };
		OBJ_116 /* EventsSource_FlatMapFutures.swift in Sources */ = {isa = PBXBuildFile; fileRef = OBJ_29 /* EventsSource_FlatMapFutures.swift */; };
		OBJ_117 /* EventsSource_Implementation.swift in Sources */ = {isa = PBXBuildFile; fileRef = OBJ_30 /* EventsSource_Implementation.swift */; };
		OBJ_118 /* EventsSource_Map.swift in Sources */ = {isa = PBXBuildFile; fileRef = OBJ_31 /* EventsSource_Map.swift */; };
		OBJ_119 /* EventsSource_Merge2.swift in Sources */ = {isa = PBXBuildFile; fileRef = OBJ_32 /* EventsSource_Merge2.swift */; };
		OBJ_120 /* EventsSource_Scan.swift in Sources */ = {isa = PBXBuildFile; fileRef = OBJ_33 /* EventsSource_Scan.swift */; };
		OBJ_121 /* EventsSource_ToFuture.swift in Sources */ = {isa = PBXBuildFile; fileRef = OBJ_34 /* EventsSource_ToFuture.swift */; };
		OBJ_122 /* EventsSource_Transform.swift in Sources */ = {isa = PBXBuildFile; fileRef = OBJ_35 /* EventsSource_Transform.swift */; };
		OBJ_123 /* EventsSource_Zip2.swift in Sources */ = {isa = PBXBuildFile; fileRef = OBJ_36 /* EventsSource_Zip2.swift */; };
		OBJ_124 /* ExecutionContext.swift in Sources */ = {isa = PBXBuildFile; fileRef = OBJ_37 /* ExecutionContext.swift */; };
		OBJ_125 /* Executor.swift in Sources */ = {isa = PBXBuildFile; fileRef = OBJ_38 /* Executor.swift */; };
		OBJ_126 /* Fallible.swift in Sources */ = {isa = PBXBuildFile; fileRef = OBJ_39 /* Fallible.swift */; };
		OBJ_127 /* Future.swift in Sources */ = {isa = PBXBuildFile; fileRef = OBJ_40 /* Future.swift */; };
		OBJ_128 /* Future_Makers.swift in Sources */ = {isa = PBXBuildFile; fileRef = OBJ_41 /* Future_Makers.swift */; };
		OBJ_129 /* iOS.swift in Sources */ = {isa = PBXBuildFile; fileRef = OBJ_42 /* iOS.swift */; };
		OBJ_130 /* KeyProtocols.swift in Sources */ = {isa = PBXBuildFile; fileRef = OBJ_43 /* KeyProtocols.swift */; };
		OBJ_131 /* Locking.swift in Sources */ = {isa = PBXBuildFile; fileRef = OBJ_44 /* Locking.swift */; };
		OBJ_132 /* macOS.swift in Sources */ = {isa = PBXBuildFile; fileRef = OBJ_45 /* macOS.swift */; };
		OBJ_133 /* MergeFutures.swift in Sources */ = {isa = PBXBuildFile; fileRef = OBJ_46 /* MergeFutures.swift */; };
		OBJ_134 /* OptionalAdaptor.swift in Sources */ = {isa = PBXBuildFile; fileRef = OBJ_47 /* OptionalAdaptor.swift */; };
		OBJ_135 /* Producer.swift in Sources */ = {isa = PBXBuildFile; fileRef = OBJ_48 /* Producer.swift */; };
		OBJ_136 /* ProducerProxy.swift in Sources */ = {isa = PBXBuildFile; fileRef = OBJ_49 /* ProducerProxy.swift */; };
		OBJ_137 /* Promise.swift in Sources */ = {isa = PBXBuildFile; fileRef = OBJ_50 /* Promise.swift */; };
		OBJ_138 /* Queue.swift in Sources */ = {isa = PBXBuildFile; fileRef = OBJ_51 /* Queue.swift */; };
		OBJ_139 /* ReleasePool.swift in Sources */ = {isa = PBXBuildFile; fileRef = OBJ_52 /* ReleasePool.swift */; };
		OBJ_140 /* Sequence_Extensions.swift in Sources */ = {isa = PBXBuildFile; fileRef = OBJ_53 /* Sequence_Extensions.swift */; };
		OBJ_141 /* Sink.swift in Sources */ = {isa = PBXBuildFile; fileRef = OBJ_54 /* Sink.swift */; };
		OBJ_142 /* ThreadSafety.swift in Sources */ = {isa = PBXBuildFile; fileRef = OBJ_55 /* ThreadSafety.swift */; };
		OBJ_143 /* TimerChannel.swift in Sources */ = {isa = PBXBuildFile; fileRef = OBJ_56 /* TimerChannel.swift */; };
		OBJ_144 /* Util.swift in Sources */ = {isa = PBXBuildFile; fileRef = OBJ_57 /* Util.swift */; };
		OBJ_145 /* watchOS.swift in Sources */ = {isa = PBXBuildFile; fileRef = OBJ_58 /* watchOS.swift */; };
		OBJ_146 /* Zip2Futures.swift in Sources */ = {isa = PBXBuildFile; fileRef = OBJ_59 /* Zip2Futures.swift */; };
		OBJ_147 /* Zip3Futures.swift in Sources */ = {isa = PBXBuildFile; fileRef = OBJ_60 /* Zip3Futures.swift */; };
		OBJ_154 /* BatchFutureTests.swift in Sources */ = {isa = PBXBuildFile; fileRef = OBJ_63 /* BatchFutureTests.swift */; };
		OBJ_155 /* CachableValueTests.swift in Sources */ = {isa = PBXBuildFile; fileRef = OBJ_64 /* CachableValueTests.swift */; };
		OBJ_156 /* ChannelTests.swift in Sources */ = {isa = PBXBuildFile; fileRef = OBJ_65 /* ChannelTests.swift */; };
		OBJ_157 /* EventSource_CombineTests.swift in Sources */ = {isa = PBXBuildFile; fileRef = OBJ_66 /* EventSource_CombineTests.swift */; };
		OBJ_158 /* EventSource_FlatMapFuturesTests.swift in Sources */ = {isa = PBXBuildFile; fileRef = OBJ_67 /* EventSource_FlatMapFuturesTests.swift */; };
		OBJ_159 /* EventSource_MapTests.swift in Sources */ = {isa = PBXBuildFile; fileRef = OBJ_68 /* EventSource_MapTests.swift */; };
		OBJ_160 /* EventSource_Merge2Tests.swift in Sources */ = {isa = PBXBuildFile; fileRef = OBJ_69 /* EventSource_Merge2Tests.swift */; };
		OBJ_161 /* EventSource_ScanTests.swift in Sources */ = {isa = PBXBuildFile; fileRef = OBJ_70 /* EventSource_ScanTests.swift */; };
		OBJ_162 /* EventSource_ToFutureTests.swift in Sources */ = {isa = PBXBuildFile; fileRef = OBJ_71 /* EventSource_ToFutureTests.swift */; };
		OBJ_163 /* EventSource_TransformTests.swift in Sources */ = {isa = PBXBuildFile; fileRef = OBJ_72 /* EventSource_TransformTests.swift */; };
		OBJ_164 /* EventSource_Zip2Tests.swift in Sources */ = {isa = PBXBuildFile; fileRef = OBJ_73 /* EventSource_Zip2Tests.swift */; };
		OBJ_165 /* ExecutionContextTests.swift in Sources */ = {isa = PBXBuildFile; fileRef = OBJ_74 /* ExecutionContextTests.swift */; };
		OBJ_166 /* ExecutorTests.swift in Sources */ = {isa = PBXBuildFile; fileRef = OBJ_75 /* ExecutorTests.swift */; };
		OBJ_167 /* FallibleTests.swift in Sources */ = {isa = PBXBuildFile; fileRef = OBJ_76 /* FallibleTests.swift */; };
		OBJ_168 /* Future_MakersTests.swift in Sources */ = {isa = PBXBuildFile; fileRef = OBJ_77 /* Future_MakersTests.swift */; };
		OBJ_169 /* FutureTests.swift in Sources */ = {isa = PBXBuildFile; fileRef = OBJ_78 /* FutureTests.swift */; };
		OBJ_170 /* iOSTests.swift in Sources */ = {isa = PBXBuildFile; fileRef = OBJ_79 /* iOSTests.swift */; };
		OBJ_171 /* ObserversTests.swift in Sources */ = {isa = PBXBuildFile; fileRef = OBJ_80 /* ObserversTests.swift */; };
		OBJ_172 /* ReleasePoolTests.swift in Sources */ = {isa = PBXBuildFile; fileRef = OBJ_81 /* ReleasePoolTests.swift */; };
		OBJ_173 /* TestUtilities.swift in Sources */ = {isa = PBXBuildFile; fileRef = OBJ_82 /* TestUtilities.swift */; };
		OBJ_174 /* TimerChannelTests.swift in Sources */ = {isa = PBXBuildFile; fileRef = OBJ_83 /* TimerChannelTests.swift */; };
		OBJ_175 /* XCTestManifest.swift in Sources */ = {isa = PBXBuildFile; fileRef = OBJ_84 /* XCTestManifest.swift */; };
		OBJ_176 /* ZipFuturesTest.swift in Sources */ = {isa = PBXBuildFile; fileRef = OBJ_85 /* ZipFuturesTest.swift */; };
		OBJ_178 /* AsyncNinja.framework in Frameworks */ = {isa = PBXBuildFile; fileRef = OBJ_88 /* AsyncNinja.framework */; };
		OBJ_95 /* appleOS.swift in Sources */ = {isa = PBXBuildFile; fileRef = OBJ_8 /* appleOS.swift */; };
		OBJ_96 /* appleOS_CoreData.swift in Sources */ = {isa = PBXBuildFile; fileRef = OBJ_9 /* appleOS_CoreData.swift */; };
		OBJ_97 /* appleOS_ExecutionContext.swift in Sources */ = {isa = PBXBuildFile; fileRef = OBJ_10 /* appleOS_ExecutionContext.swift */; };
		OBJ_98 /* appleOS_Notifications.swift in Sources */ = {isa = PBXBuildFile; fileRef = OBJ_11 /* appleOS_Notifications.swift */; };
		OBJ_99 /* appleOS_Observation.swift in Sources */ = {isa = PBXBuildFile; fileRef = OBJ_12 /* appleOS_Observation.swift */; };
/* End PBXBuildFile section */

/* Begin PBXContainerItemProxy section */
		F8C8514B1E886958001D6B36 /* PBXContainerItemProxy */ = {
			isa = PBXContainerItemProxy;
			containerPortal = OBJ_1 /* Project object */;
			proxyType = 1;
			remoteGlobalIDString = OBJ_90;
			remoteInfo = AsyncNinja;
		};
/* End PBXContainerItemProxy section */

/* Begin PBXFileReference section */
		F819DC171E8A9F2A0072E0B1 /* Either.swift */ = {isa = PBXFileReference; fileEncoding = 4; lastKnownFileType = sourcecode.swift; path = Either.swift; sourceTree = "<group>"; };
		OBJ_10 /* appleOS_ExecutionContext.swift */ = {isa = PBXFileReference; lastKnownFileType = sourcecode.swift; path = appleOS_ExecutionContext.swift; sourceTree = "<group>"; };
		OBJ_11 /* appleOS_Notifications.swift */ = {isa = PBXFileReference; lastKnownFileType = sourcecode.swift; path = appleOS_Notifications.swift; sourceTree = "<group>"; };
		OBJ_12 /* appleOS_Observation.swift */ = {isa = PBXFileReference; lastKnownFileType = sourcecode.swift; path = appleOS_Observation.swift; sourceTree = "<group>"; };
		OBJ_13 /* appleOS_ReactiveProperties.swift */ = {isa = PBXFileReference; lastKnownFileType = sourcecode.swift; path = appleOS_ReactiveProperties.swift; sourceTree = "<group>"; };
		OBJ_14 /* appleOS_Retainer.swift */ = {isa = PBXFileReference; lastKnownFileType = sourcecode.swift; path = appleOS_Retainer.swift; sourceTree = "<group>"; };
		OBJ_15 /* appleOS_URLSession.swift */ = {isa = PBXFileReference; lastKnownFileType = sourcecode.swift; path = appleOS_URLSession.swift; sourceTree = "<group>"; };
		OBJ_16 /* BaseProducer.swift */ = {isa = PBXFileReference; lastKnownFileType = sourcecode.swift; path = BaseProducer.swift; sourceTree = "<group>"; };
		OBJ_17 /* CachableValue.swift */ = {isa = PBXFileReference; lastKnownFileType = sourcecode.swift; path = CachableValue.swift; sourceTree = "<group>"; };
		OBJ_18 /* Cache.swift */ = {isa = PBXFileReference; lastKnownFileType = sourcecode.swift; path = Cache.swift; sourceTree = "<group>"; };
		OBJ_19 /* CancellationToken.swift */ = {isa = PBXFileReference; lastKnownFileType = sourcecode.swift; path = CancellationToken.swift; sourceTree = "<group>"; };
		OBJ_20 /* Channel.swift */ = {isa = PBXFileReference; lastKnownFileType = sourcecode.swift; path = Channel.swift; sourceTree = "<group>"; };
		OBJ_21 /* Channel_makers.swift */ = {isa = PBXFileReference; lastKnownFileType = sourcecode.swift; path = Channel_makers.swift; sourceTree = "<group>"; };
		OBJ_22 /* Completable_Implementation.swift */ = {isa = PBXFileReference; lastKnownFileType = sourcecode.swift; path = Completable_Implementation.swift; sourceTree = "<group>"; };
		OBJ_23 /* Completing_Implementation.swift */ = {isa = PBXFileReference; lastKnownFileType = sourcecode.swift; path = Completing_Implementation.swift; sourceTree = "<group>"; };
		OBJ_24 /* Completing_Transform.swift */ = {isa = PBXFileReference; lastKnownFileType = sourcecode.swift; path = Completing_Transform.swift; sourceTree = "<group>"; };
		OBJ_25 /* ConstantFuture.swift */ = {isa = PBXFileReference; lastKnownFileType = sourcecode.swift; path = ConstantFuture.swift; sourceTree = "<group>"; };
		OBJ_26 /* Dispatch_Extensions.swift */ = {isa = PBXFileReference; lastKnownFileType = sourcecode.swift; path = Dispatch_Extensions.swift; sourceTree = "<group>"; };
		OBJ_27 /* DynamicProperty.swift */ = {isa = PBXFileReference; lastKnownFileType = sourcecode.swift; path = DynamicProperty.swift; sourceTree = "<group>"; };
		OBJ_28 /* EventsSource_Combine.swift */ = {isa = PBXFileReference; lastKnownFileType = sourcecode.swift; path = EventsSource_Combine.swift; sourceTree = "<group>"; };
		OBJ_29 /* EventsSource_FlatMapFutures.swift */ = {isa = PBXFileReference; lastKnownFileType = sourcecode.swift; path = EventsSource_FlatMapFutures.swift; sourceTree = "<group>"; };
		OBJ_30 /* EventsSource_Implementation.swift */ = {isa = PBXFileReference; lastKnownFileType = sourcecode.swift; path = EventsSource_Implementation.swift; sourceTree = "<group>"; };
		OBJ_31 /* EventsSource_Map.swift */ = {isa = PBXFileReference; lastKnownFileType = sourcecode.swift; path = EventsSource_Map.swift; sourceTree = "<group>"; };
		OBJ_32 /* EventsSource_Merge2.swift */ = {isa = PBXFileReference; lastKnownFileType = sourcecode.swift; path = EventsSource_Merge2.swift; sourceTree = "<group>"; };
		OBJ_33 /* EventsSource_Scan.swift */ = {isa = PBXFileReference; lastKnownFileType = sourcecode.swift; path = EventsSource_Scan.swift; sourceTree = "<group>"; };
		OBJ_34 /* EventsSource_ToFuture.swift */ = {isa = PBXFileReference; lastKnownFileType = sourcecode.swift; path = EventsSource_ToFuture.swift; sourceTree = "<group>"; };
		OBJ_35 /* EventsSource_Transform.swift */ = {isa = PBXFileReference; lastKnownFileType = sourcecode.swift; path = EventsSource_Transform.swift; sourceTree = "<group>"; };
		OBJ_36 /* EventsSource_Zip2.swift */ = {isa = PBXFileReference; lastKnownFileType = sourcecode.swift; path = EventsSource_Zip2.swift; sourceTree = "<group>"; };
		OBJ_37 /* ExecutionContext.swift */ = {isa = PBXFileReference; lastKnownFileType = sourcecode.swift; path = ExecutionContext.swift; sourceTree = "<group>"; };
		OBJ_38 /* Executor.swift */ = {isa = PBXFileReference; lastKnownFileType = sourcecode.swift; path = Executor.swift; sourceTree = "<group>"; };
		OBJ_39 /* Fallible.swift */ = {isa = PBXFileReference; lastKnownFileType = sourcecode.swift; path = Fallible.swift; sourceTree = "<group>"; };
		OBJ_40 /* Future.swift */ = {isa = PBXFileReference; lastKnownFileType = sourcecode.swift; path = Future.swift; sourceTree = "<group>"; };
		OBJ_41 /* Future_Makers.swift */ = {isa = PBXFileReference; lastKnownFileType = sourcecode.swift; path = Future_Makers.swift; sourceTree = "<group>"; };
		OBJ_42 /* iOS.swift */ = {isa = PBXFileReference; lastKnownFileType = sourcecode.swift; path = iOS.swift; sourceTree = "<group>"; };
		OBJ_43 /* KeyProtocols.swift */ = {isa = PBXFileReference; lastKnownFileType = sourcecode.swift; path = KeyProtocols.swift; sourceTree = "<group>"; };
		OBJ_44 /* Locking.swift */ = {isa = PBXFileReference; lastKnownFileType = sourcecode.swift; path = Locking.swift; sourceTree = "<group>"; };
		OBJ_45 /* macOS.swift */ = {isa = PBXFileReference; lastKnownFileType = sourcecode.swift; path = macOS.swift; sourceTree = "<group>"; };
		OBJ_46 /* MergeFutures.swift */ = {isa = PBXFileReference; lastKnownFileType = sourcecode.swift; path = MergeFutures.swift; sourceTree = "<group>"; };
		OBJ_47 /* OptionalAdaptor.swift */ = {isa = PBXFileReference; lastKnownFileType = sourcecode.swift; path = OptionalAdaptor.swift; sourceTree = "<group>"; };
		OBJ_48 /* Producer.swift */ = {isa = PBXFileReference; lastKnownFileType = sourcecode.swift; path = Producer.swift; sourceTree = "<group>"; };
		OBJ_49 /* ProducerProxy.swift */ = {isa = PBXFileReference; lastKnownFileType = sourcecode.swift; path = ProducerProxy.swift; sourceTree = "<group>"; };
		OBJ_50 /* Promise.swift */ = {isa = PBXFileReference; lastKnownFileType = sourcecode.swift; path = Promise.swift; sourceTree = "<group>"; };
		OBJ_51 /* Queue.swift */ = {isa = PBXFileReference; lastKnownFileType = sourcecode.swift; path = Queue.swift; sourceTree = "<group>"; };
		OBJ_52 /* ReleasePool.swift */ = {isa = PBXFileReference; lastKnownFileType = sourcecode.swift; path = ReleasePool.swift; sourceTree = "<group>"; };
		OBJ_53 /* Sequence_Extensions.swift */ = {isa = PBXFileReference; lastKnownFileType = sourcecode.swift; path = Sequence_Extensions.swift; sourceTree = "<group>"; };
		OBJ_54 /* Sink.swift */ = {isa = PBXFileReference; lastKnownFileType = sourcecode.swift; path = Sink.swift; sourceTree = "<group>"; };
		OBJ_55 /* ThreadSafety.swift */ = {isa = PBXFileReference; lastKnownFileType = sourcecode.swift; path = ThreadSafety.swift; sourceTree = "<group>"; };
		OBJ_56 /* TimerChannel.swift */ = {isa = PBXFileReference; lastKnownFileType = sourcecode.swift; path = TimerChannel.swift; sourceTree = "<group>"; };
		OBJ_57 /* Util.swift */ = {isa = PBXFileReference; lastKnownFileType = sourcecode.swift; path = Util.swift; sourceTree = "<group>"; };
		OBJ_58 /* watchOS.swift */ = {isa = PBXFileReference; lastKnownFileType = sourcecode.swift; path = watchOS.swift; sourceTree = "<group>"; };
		OBJ_59 /* Zip2Futures.swift */ = {isa = PBXFileReference; lastKnownFileType = sourcecode.swift; path = Zip2Futures.swift; sourceTree = "<group>"; };
		OBJ_6 /* Package.swift */ = {isa = PBXFileReference; explicitFileType = sourcecode.swift; path = Package.swift; sourceTree = "<group>"; };
		OBJ_60 /* Zip3Futures.swift */ = {isa = PBXFileReference; lastKnownFileType = sourcecode.swift; path = Zip3Futures.swift; sourceTree = "<group>"; };
		OBJ_63 /* BatchFutureTests.swift */ = {isa = PBXFileReference; lastKnownFileType = sourcecode.swift; path = BatchFutureTests.swift; sourceTree = "<group>"; };
		OBJ_64 /* CachableValueTests.swift */ = {isa = PBXFileReference; lastKnownFileType = sourcecode.swift; path = CachableValueTests.swift; sourceTree = "<group>"; };
		OBJ_65 /* ChannelTests.swift */ = {isa = PBXFileReference; lastKnownFileType = sourcecode.swift; path = ChannelTests.swift; sourceTree = "<group>"; };
		OBJ_66 /* EventSource_CombineTests.swift */ = {isa = PBXFileReference; lastKnownFileType = sourcecode.swift; path = EventSource_CombineTests.swift; sourceTree = "<group>"; };
		OBJ_67 /* EventSource_FlatMapFuturesTests.swift */ = {isa = PBXFileReference; lastKnownFileType = sourcecode.swift; path = EventSource_FlatMapFuturesTests.swift; sourceTree = "<group>"; };
		OBJ_68 /* EventSource_MapTests.swift */ = {isa = PBXFileReference; lastKnownFileType = sourcecode.swift; path = EventSource_MapTests.swift; sourceTree = "<group>"; };
		OBJ_69 /* EventSource_Merge2Tests.swift */ = {isa = PBXFileReference; lastKnownFileType = sourcecode.swift; path = EventSource_Merge2Tests.swift; sourceTree = "<group>"; };
		OBJ_70 /* EventSource_ScanTests.swift */ = {isa = PBXFileReference; lastKnownFileType = sourcecode.swift; path = EventSource_ScanTests.swift; sourceTree = "<group>"; };
		OBJ_71 /* EventSource_ToFutureTests.swift */ = {isa = PBXFileReference; lastKnownFileType = sourcecode.swift; path = EventSource_ToFutureTests.swift; sourceTree = "<group>"; };
		OBJ_72 /* EventSource_TransformTests.swift */ = {isa = PBXFileReference; lastKnownFileType = sourcecode.swift; path = EventSource_TransformTests.swift; sourceTree = "<group>"; };
		OBJ_73 /* EventSource_Zip2Tests.swift */ = {isa = PBXFileReference; lastKnownFileType = sourcecode.swift; path = EventSource_Zip2Tests.swift; sourceTree = "<group>"; };
		OBJ_74 /* ExecutionContextTests.swift */ = {isa = PBXFileReference; lastKnownFileType = sourcecode.swift; path = ExecutionContextTests.swift; sourceTree = "<group>"; };
		OBJ_75 /* ExecutorTests.swift */ = {isa = PBXFileReference; lastKnownFileType = sourcecode.swift; path = ExecutorTests.swift; sourceTree = "<group>"; };
		OBJ_76 /* FallibleTests.swift */ = {isa = PBXFileReference; lastKnownFileType = sourcecode.swift; path = FallibleTests.swift; sourceTree = "<group>"; };
		OBJ_77 /* Future_MakersTests.swift */ = {isa = PBXFileReference; lastKnownFileType = sourcecode.swift; path = Future_MakersTests.swift; sourceTree = "<group>"; };
		OBJ_78 /* FutureTests.swift */ = {isa = PBXFileReference; lastKnownFileType = sourcecode.swift; path = FutureTests.swift; sourceTree = "<group>"; };
		OBJ_79 /* iOSTests.swift */ = {isa = PBXFileReference; lastKnownFileType = sourcecode.swift; path = iOSTests.swift; sourceTree = "<group>"; };
		OBJ_8 /* appleOS.swift */ = {isa = PBXFileReference; lastKnownFileType = sourcecode.swift; path = appleOS.swift; sourceTree = "<group>"; };
		OBJ_80 /* ObserversTests.swift */ = {isa = PBXFileReference; lastKnownFileType = sourcecode.swift; path = ObserversTests.swift; sourceTree = "<group>"; };
		OBJ_81 /* ReleasePoolTests.swift */ = {isa = PBXFileReference; lastKnownFileType = sourcecode.swift; path = ReleasePoolTests.swift; sourceTree = "<group>"; };
		OBJ_82 /* TestUtilities.swift */ = {isa = PBXFileReference; lastKnownFileType = sourcecode.swift; path = TestUtilities.swift; sourceTree = "<group>"; };
		OBJ_83 /* TimerChannelTests.swift */ = {isa = PBXFileReference; lastKnownFileType = sourcecode.swift; path = TimerChannelTests.swift; sourceTree = "<group>"; };
		OBJ_84 /* XCTestManifest.swift */ = {isa = PBXFileReference; lastKnownFileType = sourcecode.swift; path = XCTestManifest.swift; sourceTree = "<group>"; };
		OBJ_85 /* ZipFuturesTest.swift */ = {isa = PBXFileReference; lastKnownFileType = sourcecode.swift; path = ZipFuturesTest.swift; sourceTree = "<group>"; };
		OBJ_86 /* Documentation */ = {isa = PBXFileReference; lastKnownFileType = folder; path = Documentation; sourceTree = SOURCE_ROOT; };
		OBJ_88 /* AsyncNinja.framework */ = {isa = PBXFileReference; explicitFileType = wrapper.framework; path = AsyncNinja.framework; sourceTree = BUILT_PRODUCTS_DIR; };
		OBJ_89 /* AsyncNinjaTests.xctest */ = {isa = PBXFileReference; lastKnownFileType = file; path = AsyncNinjaTests.xctest; sourceTree = BUILT_PRODUCTS_DIR; };
		OBJ_9 /* appleOS_CoreData.swift */ = {isa = PBXFileReference; lastKnownFileType = sourcecode.swift; path = appleOS_CoreData.swift; sourceTree = "<group>"; };
/* End PBXFileReference section */

/* Begin PBXFrameworksBuildPhase section */
		OBJ_148 /* Frameworks */ = {
			isa = PBXFrameworksBuildPhase;
			buildActionMask = 0;
			files = (
			);
			runOnlyForDeploymentPostprocessing = 0;
		};
		OBJ_177 /* Frameworks */ = {
			isa = PBXFrameworksBuildPhase;
			buildActionMask = 0;
			files = (
				OBJ_178 /* AsyncNinja.framework in Frameworks */,
			);
			runOnlyForDeploymentPostprocessing = 0;
		};
/* End PBXFrameworksBuildPhase section */

/* Begin PBXGroup section */
		OBJ_5 = {
			isa = PBXGroup;
			children = (
				OBJ_6 /* Package.swift */,
				OBJ_7 /* Sources */,
				OBJ_61 /* Tests */,
				OBJ_86 /* Documentation */,
				OBJ_87 /* Products */,
			);
			sourceTree = "<group>";
		};
		OBJ_61 /* Tests */ = {
			isa = PBXGroup;
			children = (
				OBJ_62 /* AsyncNinjaTests */,
			);
			name = Tests;
			sourceTree = SOURCE_ROOT;
		};
		OBJ_62 /* AsyncNinjaTests */ = {
			isa = PBXGroup;
			children = (
				OBJ_63 /* BatchFutureTests.swift */,
				OBJ_64 /* CachableValueTests.swift */,
				OBJ_65 /* ChannelTests.swift */,
				OBJ_66 /* EventSource_CombineTests.swift */,
				OBJ_67 /* EventSource_FlatMapFuturesTests.swift */,
				OBJ_68 /* EventSource_MapTests.swift */,
				OBJ_69 /* EventSource_Merge2Tests.swift */,
				OBJ_70 /* EventSource_ScanTests.swift */,
				OBJ_71 /* EventSource_ToFutureTests.swift */,
				OBJ_72 /* EventSource_TransformTests.swift */,
				OBJ_73 /* EventSource_Zip2Tests.swift */,
				OBJ_74 /* ExecutionContextTests.swift */,
				OBJ_75 /* ExecutorTests.swift */,
				OBJ_76 /* FallibleTests.swift */,
				OBJ_77 /* Future_MakersTests.swift */,
				OBJ_78 /* FutureTests.swift */,
				OBJ_79 /* iOSTests.swift */,
				OBJ_80 /* ObserversTests.swift */,
				OBJ_81 /* ReleasePoolTests.swift */,
				OBJ_82 /* TestUtilities.swift */,
				OBJ_83 /* TimerChannelTests.swift */,
				OBJ_84 /* XCTestManifest.swift */,
				OBJ_85 /* ZipFuturesTest.swift */,
			);
			name = AsyncNinjaTests;
			path = Tests/AsyncNinjaTests;
			sourceTree = SOURCE_ROOT;
		};
		OBJ_7 /* Sources */ = {
			isa = PBXGroup;
			children = (
				OBJ_8 /* appleOS.swift */,
				OBJ_9 /* appleOS_CoreData.swift */,
				OBJ_10 /* appleOS_ExecutionContext.swift */,
				OBJ_11 /* appleOS_Notifications.swift */,
				OBJ_12 /* appleOS_Observation.swift */,
				OBJ_13 /* appleOS_ReactiveProperties.swift */,
				OBJ_14 /* appleOS_Retainer.swift */,
				OBJ_15 /* appleOS_URLSession.swift */,
				OBJ_16 /* BaseProducer.swift */,
				OBJ_17 /* CachableValue.swift */,
				OBJ_18 /* Cache.swift */,
				OBJ_19 /* CancellationToken.swift */,
				OBJ_20 /* Channel.swift */,
				OBJ_21 /* Channel_makers.swift */,
				OBJ_22 /* Completable_Implementation.swift */,
				OBJ_23 /* Completing_Implementation.swift */,
				OBJ_24 /* Completing_Transform.swift */,
				OBJ_25 /* ConstantFuture.swift */,
				OBJ_26 /* Dispatch_Extensions.swift */,
				OBJ_27 /* DynamicProperty.swift */,
				F819DC171E8A9F2A0072E0B1 /* Either.swift */,
				OBJ_28 /* EventsSource_Combine.swift */,
				OBJ_29 /* EventsSource_FlatMapFutures.swift */,
				OBJ_30 /* EventsSource_Implementation.swift */,
				OBJ_31 /* EventsSource_Map.swift */,
				OBJ_32 /* EventsSource_Merge2.swift */,
				OBJ_33 /* EventsSource_Scan.swift */,
				OBJ_34 /* EventsSource_ToFuture.swift */,
				OBJ_35 /* EventsSource_Transform.swift */,
				OBJ_36 /* EventsSource_Zip2.swift */,
				OBJ_37 /* ExecutionContext.swift */,
				OBJ_38 /* Executor.swift */,
				OBJ_39 /* Fallible.swift */,
				OBJ_40 /* Future.swift */,
				OBJ_41 /* Future_Makers.swift */,
				OBJ_42 /* iOS.swift */,
				OBJ_43 /* KeyProtocols.swift */,
				OBJ_44 /* Locking.swift */,
				OBJ_45 /* macOS.swift */,
				OBJ_46 /* MergeFutures.swift */,
				OBJ_47 /* OptionalAdaptor.swift */,
				OBJ_48 /* Producer.swift */,
				OBJ_49 /* ProducerProxy.swift */,
				OBJ_50 /* Promise.swift */,
				OBJ_51 /* Queue.swift */,
				OBJ_52 /* ReleasePool.swift */,
				OBJ_53 /* Sequence_Extensions.swift */,
				OBJ_54 /* Sink.swift */,
				OBJ_55 /* ThreadSafety.swift */,
				OBJ_56 /* TimerChannel.swift */,
				OBJ_57 /* Util.swift */,
				OBJ_58 /* watchOS.swift */,
				OBJ_59 /* Zip2Futures.swift */,
				OBJ_60 /* Zip3Futures.swift */,
			);
			path = Sources;
			sourceTree = SOURCE_ROOT;
		};
		OBJ_87 /* Products */ = {
			isa = PBXGroup;
			children = (
				OBJ_88 /* AsyncNinja.framework */,
				OBJ_89 /* AsyncNinjaTests.xctest */,
			);
			name = Products;
			sourceTree = BUILT_PRODUCTS_DIR;
		};
/* End PBXGroup section */

/* Begin PBXNativeTarget section */
		OBJ_149 /* AsyncNinjaTests */ = {
			isa = PBXNativeTarget;
			buildConfigurationList = OBJ_150 /* Build configuration list for PBXNativeTarget "AsyncNinjaTests" */;
			buildPhases = (
				OBJ_153 /* Sources */,
				OBJ_177 /* Frameworks */,
			);
			buildRules = (
			);
			dependencies = (
				OBJ_179 /* PBXTargetDependency */,
			);
			name = AsyncNinjaTests;
			productName = AsyncNinjaTests;
			productReference = OBJ_89 /* AsyncNinjaTests.xctest */;
			productType = "com.apple.product-type.bundle.unit-test";
		};
		OBJ_90 /* AsyncNinja */ = {
			isa = PBXNativeTarget;
			buildConfigurationList = OBJ_91 /* Build configuration list for PBXNativeTarget "AsyncNinja" */;
			buildPhases = (
				OBJ_94 /* Sources */,
				OBJ_148 /* Frameworks */,
			);
			buildRules = (
			);
			dependencies = (
			);
			name = AsyncNinja;
			productName = AsyncNinja;
			productReference = OBJ_88 /* AsyncNinja.framework */;
			productType = "com.apple.product-type.framework";
		};
/* End PBXNativeTarget section */

/* Begin PBXProject section */
		OBJ_1 /* Project object */ = {
			isa = PBXProject;
			attributes = {
				LastUpgradeCheck = 9999;
			};
			buildConfigurationList = OBJ_2 /* Build configuration list for PBXProject "AsyncNinja" */;
			compatibilityVersion = "Xcode 3.2";
			developmentRegion = English;
			hasScannedForEncodings = 0;
			knownRegions = (
				en,
			);
			mainGroup = OBJ_5;
			productRefGroup = OBJ_87 /* Products */;
			projectDirPath = "";
			projectRoot = "";
			targets = (
				OBJ_90 /* AsyncNinja */,
				OBJ_149 /* AsyncNinjaTests */,
			);
		};
/* End PBXProject section */

/* Begin PBXSourcesBuildPhase section */
		OBJ_153 /* Sources */ = {
			isa = PBXSourcesBuildPhase;
			buildActionMask = 0;
			files = (
				OBJ_154 /* BatchFutureTests.swift in Sources */,
				OBJ_155 /* CachableValueTests.swift in Sources */,
				OBJ_156 /* ChannelTests.swift in Sources */,
				OBJ_157 /* EventSource_CombineTests.swift in Sources */,
				OBJ_158 /* EventSource_FlatMapFuturesTests.swift in Sources */,
				OBJ_159 /* EventSource_MapTests.swift in Sources */,
				OBJ_160 /* EventSource_Merge2Tests.swift in Sources */,
				OBJ_161 /* EventSource_ScanTests.swift in Sources */,
				OBJ_162 /* EventSource_ToFutureTests.swift in Sources */,
				OBJ_163 /* EventSource_TransformTests.swift in Sources */,
				OBJ_164 /* EventSource_Zip2Tests.swift in Sources */,
				OBJ_165 /* ExecutionContextTests.swift in Sources */,
				OBJ_166 /* ExecutorTests.swift in Sources */,
				OBJ_167 /* FallibleTests.swift in Sources */,
				OBJ_168 /* Future_MakersTests.swift in Sources */,
				OBJ_169 /* FutureTests.swift in Sources */,
				OBJ_170 /* iOSTests.swift in Sources */,
				OBJ_171 /* ObserversTests.swift in Sources */,
				OBJ_172 /* ReleasePoolTests.swift in Sources */,
				OBJ_173 /* TestUtilities.swift in Sources */,
				OBJ_174 /* TimerChannelTests.swift in Sources */,
				OBJ_175 /* XCTestManifest.swift in Sources */,
				OBJ_176 /* ZipFuturesTest.swift in Sources */,
			);
			runOnlyForDeploymentPostprocessing = 0;
		};
		OBJ_94 /* Sources */ = {
			isa = PBXSourcesBuildPhase;
			buildActionMask = 0;
			files = (
				OBJ_95 /* appleOS.swift in Sources */,
				OBJ_96 /* appleOS_CoreData.swift in Sources */,
				OBJ_97 /* appleOS_ExecutionContext.swift in Sources */,
				OBJ_98 /* appleOS_Notifications.swift in Sources */,
				OBJ_99 /* appleOS_Observation.swift in Sources */,
				OBJ_100 /* appleOS_ReactiveProperties.swift in Sources */,
				OBJ_101 /* appleOS_Retainer.swift in Sources */,
				OBJ_102 /* appleOS_URLSession.swift in Sources */,
				OBJ_103 /* BaseProducer.swift in Sources */,
				OBJ_104 /* CachableValue.swift in Sources */,
				OBJ_105 /* Cache.swift in Sources */,
				OBJ_106 /* CancellationToken.swift in Sources */,
				OBJ_107 /* Channel.swift in Sources */,
				OBJ_108 /* Channel_makers.swift in Sources */,
				OBJ_109 /* Completable_Implementation.swift in Sources */,
				OBJ_110 /* Completing_Implementation.swift in Sources */,
				F819DC181E8A9F2A0072E0B1 /* Either.swift in Sources */,
				OBJ_111 /* Completing_Transform.swift in Sources */,
				OBJ_112 /* ConstantFuture.swift in Sources */,
				OBJ_113 /* Dispatch_Extensions.swift in Sources */,
				OBJ_114 /* DynamicProperty.swift in Sources */,
				OBJ_115 /* EventsSource_Combine.swift in Sources */,
				OBJ_116 /* EventsSource_FlatMapFutures.swift in Sources */,
				OBJ_117 /* EventsSource_Implementation.swift in Sources */,
				OBJ_118 /* EventsSource_Map.swift in Sources */,
				OBJ_119 /* EventsSource_Merge2.swift in Sources */,
				OBJ_120 /* EventsSource_Scan.swift in Sources */,
				OBJ_121 /* EventsSource_ToFuture.swift in Sources */,
				OBJ_122 /* EventsSource_Transform.swift in Sources */,
				OBJ_123 /* EventsSource_Zip2.swift in Sources */,
				OBJ_124 /* ExecutionContext.swift in Sources */,
				OBJ_125 /* Executor.swift in Sources */,
				OBJ_126 /* Fallible.swift in Sources */,
				OBJ_127 /* Future.swift in Sources */,
				OBJ_128 /* Future_Makers.swift in Sources */,
				OBJ_129 /* iOS.swift in Sources */,
				OBJ_130 /* KeyProtocols.swift in Sources */,
				OBJ_131 /* Locking.swift in Sources */,
				OBJ_132 /* macOS.swift in Sources */,
				OBJ_133 /* MergeFutures.swift in Sources */,
				OBJ_134 /* OptionalAdaptor.swift in Sources */,
				OBJ_135 /* Producer.swift in Sources */,
				OBJ_136 /* ProducerProxy.swift in Sources */,
				OBJ_137 /* Promise.swift in Sources */,
				OBJ_138 /* Queue.swift in Sources */,
				OBJ_139 /* ReleasePool.swift in Sources */,
				OBJ_140 /* Sequence_Extensions.swift in Sources */,
				OBJ_141 /* Sink.swift in Sources */,
				OBJ_142 /* ThreadSafety.swift in Sources */,
				OBJ_143 /* TimerChannel.swift in Sources */,
				OBJ_144 /* Util.swift in Sources */,
				OBJ_145 /* watchOS.swift in Sources */,
				OBJ_146 /* Zip2Futures.swift in Sources */,
				OBJ_147 /* Zip3Futures.swift in Sources */,
			);
			runOnlyForDeploymentPostprocessing = 0;
		};
/* End PBXSourcesBuildPhase section */

/* Begin PBXTargetDependency section */
		OBJ_179 /* PBXTargetDependency */ = {
			isa = PBXTargetDependency;
			target = OBJ_90 /* AsyncNinja */;
			targetProxy = F8C8514B1E886958001D6B36 /* PBXContainerItemProxy */;
		};
/* End PBXTargetDependency section */

/* Begin XCBuildConfiguration section */
		OBJ_151 /* Debug */ = {
			isa = XCBuildConfiguration;
			buildSettings = {
				ALWAYS_EMBED_SWIFT_STANDARD_LIBRARIES = YES;
				EMBEDDED_CONTENT_CONTAINS_SWIFT = YES;
				FRAMEWORK_SEARCH_PATHS = (
					"$(inherited)",
					"$(PLATFORM_DIR)/Developer/Library/Frameworks",
				);
				HEADER_SEARCH_PATHS = "$(inherited)";
				INFOPLIST_FILE = AsyncNinja.xcodeproj/AsyncNinjaTests_Info.plist;
				LD_RUNPATH_SEARCH_PATHS = "@loader_path/../Frameworks @loader_path/Frameworks";
				OTHER_LDFLAGS = "$(inherited)";
				OTHER_SWIFT_FLAGS = "$(inherited)";
				TARGET_NAME = AsyncNinjaTests;
			};
			name = Debug;
		};
		OBJ_152 /* Release */ = {
			isa = XCBuildConfiguration;
			buildSettings = {
				ALWAYS_EMBED_SWIFT_STANDARD_LIBRARIES = YES;
				EMBEDDED_CONTENT_CONTAINS_SWIFT = YES;
				FRAMEWORK_SEARCH_PATHS = (
					"$(inherited)",
					"$(PLATFORM_DIR)/Developer/Library/Frameworks",
				);
				HEADER_SEARCH_PATHS = "$(inherited)";
				INFOPLIST_FILE = AsyncNinja.xcodeproj/AsyncNinjaTests_Info.plist;
				LD_RUNPATH_SEARCH_PATHS = "@loader_path/../Frameworks @loader_path/Frameworks";
				OTHER_LDFLAGS = "$(inherited)";
				OTHER_SWIFT_FLAGS = "$(inherited)";
				TARGET_NAME = AsyncNinjaTests;
			};
			name = Release;
		};
		OBJ_3 /* Debug */ = {
			isa = XCBuildConfiguration;
			buildSettings = {
				CLANG_ENABLE_OBJC_ARC = YES;
				COMBINE_HIDPI_IMAGES = YES;
				COPY_PHASE_STRIP = NO;
				DEBUG_INFORMATION_FORMAT = dwarf;
				DYLIB_INSTALL_NAME_BASE = "@rpath";
				ENABLE_NS_ASSERTIONS = YES;
				GCC_OPTIMIZATION_LEVEL = 0;
				IPHONEOS_DEPLOYMENT_TARGET = 8.0;
				MACOSX_DEPLOYMENT_TARGET = 10.10;
				ONLY_ACTIVE_ARCH = YES;
				OTHER_SWIFT_FLAGS = "-DXcode";
				PRODUCT_NAME = "$(TARGET_NAME)";
				SUPPORTED_PLATFORMS = "macosx iphoneos iphonesimulator appletvos appletvsimulator watchos watchsimulator";
				SWIFT_ACTIVE_COMPILATION_CONDITIONS = SWIFT_PACKAGE;
				SWIFT_OPTIMIZATION_LEVEL = "-Onone";
				SWIFT_VERSION = 3.0;
				TVOS_DEPLOYMENT_TARGET = 9.0;
				USE_HEADERMAP = NO;
				WATCHOS_DEPLOYMENT_TARGET = 2.0;
			};
			name = Debug;
		};
		OBJ_4 /* Release */ = {
			isa = XCBuildConfiguration;
			buildSettings = {
				CLANG_ENABLE_OBJC_ARC = YES;
				COMBINE_HIDPI_IMAGES = YES;
				COPY_PHASE_STRIP = YES;
				DEBUG_INFORMATION_FORMAT = "dwarf-with-dsym";
				DYLIB_INSTALL_NAME_BASE = "@rpath";
				GCC_OPTIMIZATION_LEVEL = s;
				IPHONEOS_DEPLOYMENT_TARGET = 8.0;
				MACOSX_DEPLOYMENT_TARGET = 10.10;
				OTHER_SWIFT_FLAGS = "-DXcode";
				PRODUCT_NAME = "$(TARGET_NAME)";
				SUPPORTED_PLATFORMS = "macosx iphoneos iphonesimulator appletvos appletvsimulator watchos watchsimulator";
				SWIFT_ACTIVE_COMPILATION_CONDITIONS = SWIFT_PACKAGE;
				SWIFT_OPTIMIZATION_LEVEL = "-Owholemodule";
				SWIFT_VERSION = 3.0;
				TVOS_DEPLOYMENT_TARGET = 9.0;
				USE_HEADERMAP = NO;
				WATCHOS_DEPLOYMENT_TARGET = 2.0;
			};
			name = Release;
		};
		OBJ_92 /* Debug */ = {
			isa = XCBuildConfiguration;
			buildSettings = {
				ENABLE_TESTABILITY = YES;
				FRAMEWORK_SEARCH_PATHS = (
					"$(inherited)",
					"$(PLATFORM_DIR)/Developer/Library/Frameworks",
				);
				HEADER_SEARCH_PATHS = "$(inherited)";
				INFOPLIST_FILE = AsyncNinja.xcodeproj/AsyncNinja_Info.plist;
				LD_RUNPATH_SEARCH_PATHS = "@loader_path/../Frameworks @loader_path/Frameworks";
				OTHER_LDFLAGS = "$(inherited)";
				OTHER_SWIFT_FLAGS = "$(inherited)";
				PRODUCT_BUNDLE_IDENTIFIER = AsyncNinja;
				PRODUCT_MODULE_NAME = "$(TARGET_NAME:c99extidentifier)";
				PRODUCT_NAME = "$(TARGET_NAME:c99extidentifier)";
				SKIP_INSTALL = YES;
				TARGET_NAME = AsyncNinja;
			};
			name = Debug;
		};
		OBJ_93 /* Release */ = {
			isa = XCBuildConfiguration;
			buildSettings = {
				ENABLE_TESTABILITY = YES;
				FRAMEWORK_SEARCH_PATHS = (
					"$(inherited)",
					"$(PLATFORM_DIR)/Developer/Library/Frameworks",
				);
				HEADER_SEARCH_PATHS = "$(inherited)";
				INFOPLIST_FILE = AsyncNinja.xcodeproj/AsyncNinja_Info.plist;
				LD_RUNPATH_SEARCH_PATHS = "@loader_path/../Frameworks @loader_path/Frameworks";
				OTHER_LDFLAGS = "$(inherited)";
				OTHER_SWIFT_FLAGS = "$(inherited)";
				PRODUCT_BUNDLE_IDENTIFIER = AsyncNinja;
				PRODUCT_MODULE_NAME = "$(TARGET_NAME:c99extidentifier)";
				PRODUCT_NAME = "$(TARGET_NAME:c99extidentifier)";
				SKIP_INSTALL = YES;
				TARGET_NAME = AsyncNinja;
			};
			name = Release;
		};
/* End XCBuildConfiguration section */

/* Begin XCConfigurationList section */
		OBJ_150 /* Build configuration list for PBXNativeTarget "AsyncNinjaTests" */ = {
			isa = XCConfigurationList;
			buildConfigurations = (
				OBJ_151 /* Debug */,
				OBJ_152 /* Release */,
			);
			defaultConfigurationIsVisible = 0;
			defaultConfigurationName = Debug;
		};
		OBJ_2 /* Build configuration list for PBXProject "AsyncNinja" */ = {
			isa = XCConfigurationList;
			buildConfigurations = (
				OBJ_3 /* Debug */,
				OBJ_4 /* Release */,
			);
			defaultConfigurationIsVisible = 0;
			defaultConfigurationName = Debug;
		};
		OBJ_91 /* Build configuration list for PBXNativeTarget "AsyncNinja" */ = {
			isa = XCConfigurationList;
			buildConfigurations = (
				OBJ_92 /* Debug */,
				OBJ_93 /* Release */,
			);
			defaultConfigurationIsVisible = 0;
			defaultConfigurationName = Debug;
		};
/* End XCConfigurationList section */
	};
	rootObject = OBJ_1 /* Project object */;
}
